// !$*UTF8*$!
{
	archiveVersion = 1;
	classes = {
	};
	objectVersion = 56;
	objects = {

/* Begin PBXBuildFile section */
		D06BDC6A294F2D5A005784D8 /* AppDelegate.swift in Sources */ = {isa = PBXBuildFile; fileRef = D06BDC69294F2D5A005784D8 /* AppDelegate.swift */; };
		D06BDC6C294F2D5A005784D8 /* SceneDelegate.swift in Sources */ = {isa = PBXBuildFile; fileRef = D06BDC6B294F2D5A005784D8 /* SceneDelegate.swift */; };
		D06BDC6E294F2D5A005784D8 /* ViewController.swift in Sources */ = {isa = PBXBuildFile; fileRef = D06BDC6D294F2D5A005784D8 /* ViewController.swift */; };
		D06BDC71294F2D5A005784D8 /* Main.storyboard in Resources */ = {isa = PBXBuildFile; fileRef = D06BDC6F294F2D5A005784D8 /* Main.storyboard */; };
		D06BDC73294F2D5C005784D8 /* Assets.xcassets in Resources */ = {isa = PBXBuildFile; fileRef = D06BDC72294F2D5C005784D8 /* Assets.xcassets */; };
		D06BDC76294F2D5C005784D8 /* LaunchScreen.storyboard in Resources */ = {isa = PBXBuildFile; fileRef = D06BDC74294F2D5C005784D8 /* LaunchScreen.storyboard */; };
		D06BDC7F294F2D81005784D8 /* CheckBox.swift in Sources */ = {isa = PBXBuildFile; fileRef = D06BDC7E294F2D81005784D8 /* CheckBox.swift */; };
		D06BDC81294F2D8E005784D8 /* CheckBox.xib in Resources */ = {isa = PBXBuildFile; fileRef = D06BDC80294F2D8E005784D8 /* CheckBox.xib */; };
/* End PBXBuildFile section */

/* Begin PBXFileReference section */
		D06BDC66294F2D5A005784D8 /* CustomUIExample.app */ = {isa = PBXFileReference; explicitFileType = wrapper.application; includeInIndex = 0; path = CustomUIExample.app; sourceTree = BUILT_PRODUCTS_DIR; };
		D06BDC69294F2D5A005784D8 /* AppDelegate.swift */ = {isa = PBXFileReference; lastKnownFileType = sourcecode.swift; path = AppDelegate.swift; sourceTree = "<group>"; };
		D06BDC6B294F2D5A005784D8 /* SceneDelegate.swift */ = {isa = PBXFileReference; lastKnownFileType = sourcecode.swift; path = SceneDelegate.swift; sourceTree = "<group>"; };
		D06BDC6D294F2D5A005784D8 /* ViewController.swift */ = {isa = PBXFileReference; lastKnownFileType = sourcecode.swift; path = ViewController.swift; sourceTree = "<group>"; };
		D06BDC70294F2D5A005784D8 /* Base */ = {isa = PBXFileReference; lastKnownFileType = file.storyboard; name = Base; path = Base.lproj/Main.storyboard; sourceTree = "<group>"; };
		D06BDC72294F2D5C005784D8 /* Assets.xcassets */ = {isa = PBXFileReference; lastKnownFileType = folder.assetcatalog; path = Assets.xcassets; sourceTree = "<group>"; };
		D06BDC75294F2D5C005784D8 /* Base */ = {isa = PBXFileReference; lastKnownFileType = file.storyboard; name = Base; path = Base.lproj/LaunchScreen.storyboard; sourceTree = "<group>"; };
		D06BDC77294F2D5C005784D8 /* Info.plist */ = {isa = PBXFileReference; lastKnownFileType = text.plist.xml; path = Info.plist; sourceTree = "<group>"; };
		D06BDC7E294F2D81005784D8 /* CheckBox.swift */ = {isa = PBXFileReference; lastKnownFileType = sourcecode.swift; path = CheckBox.swift; sourceTree = "<group>"; };
		D06BDC80294F2D8E005784D8 /* CheckBox.xib */ = {isa = PBXFileReference; lastKnownFileType = file.xib; path = CheckBox.xib; sourceTree = "<group>"; };
/* End PBXFileReference section */

/* Begin PBXFrameworksBuildPhase section */
		D06BDC63294F2D5A005784D8 /* Frameworks */ = {
			isa = PBXFrameworksBuildPhase;
			buildActionMask = 2147483647;
			files = (
			);
			runOnlyForDeploymentPostprocessing = 0;
		};
/* End PBXFrameworksBuildPhase section */

/* Begin PBXGroup section */
		D06BDC5D294F2D5A005784D8 = {
			isa = PBXGroup;
			children = (
				D06BDC68294F2D5A005784D8 /* CustomUIExample */,
				D06BDC67294F2D5A005784D8 /* Products */,
			);
			sourceTree = "<group>";
		};
		D06BDC67294F2D5A005784D8 /* Products */ = {
			isa = PBXGroup;
			children = (
				D06BDC66294F2D5A005784D8 /* CustomUIExample.app */,
			);
			name = Products;
			sourceTree = "<group>";
		};
		D06BDC68294F2D5A005784D8 /* CustomUIExample */ = {
			isa = PBXGroup;
			children = (
				D06BDC7D294F2D63005784D8 /* Custom UI */,
				D06BDC69294F2D5A005784D8 /* AppDelegate.swift */,
				D06BDC6B294F2D5A005784D8 /* SceneDelegate.swift */,
				D06BDC6D294F2D5A005784D8 /* ViewController.swift */,
				D06BDC6F294F2D5A005784D8 /* Main.storyboard */,
				D06BDC72294F2D5C005784D8 /* Assets.xcassets */,
				D06BDC74294F2D5C005784D8 /* LaunchScreen.storyboard */,
				D06BDC77294F2D5C005784D8 /* Info.plist */,
			);
			path = CustomUIExample;
			sourceTree = "<group>";
		};
		D06BDC7D294F2D63005784D8 /* Custom UI */ = {
			isa = PBXGroup;
			children = (
				D06BDC7E294F2D81005784D8 /* CheckBox.swift */,
				D06BDC80294F2D8E005784D8 /* CheckBox.xib */,
			);
			path = "Custom UI";
			sourceTree = "<group>";
		};
/* End PBXGroup section */

/* Begin PBXNativeTarget section */
		D06BDC65294F2D5A005784D8 /* CustomUIExample */ = {
			isa = PBXNativeTarget;
			buildConfigurationList = D06BDC7A294F2D5C005784D8 /* Build configuration list for PBXNativeTarget "CustomUIExample" */;
			buildPhases = (
				D06BDC62294F2D5A005784D8 /* Sources */,
				D06BDC63294F2D5A005784D8 /* Frameworks */,
				D06BDC64294F2D5A005784D8 /* Resources */,
			);
			buildRules = (
			);
			dependencies = (
			);
			name = CustomUIExample;
			productName = CustomUIExample;
			productReference = D06BDC66294F2D5A005784D8 /* CustomUIExample.app */;
			productType = "com.apple.product-type.application";
		};
/* End PBXNativeTarget section */

/* Begin PBXProject section */
		D06BDC5E294F2D5A005784D8 /* Project object */ = {
			isa = PBXProject;
			attributes = {
				BuildIndependentTargetsInParallel = 1;
				LastSwiftUpdateCheck = 1420;
				LastUpgradeCheck = 1420;
				TargetAttributes = {
					D06BDC65294F2D5A005784D8 = {
						CreatedOnToolsVersion = 14.2;
					};
				};
			};
			buildConfigurationList = D06BDC61294F2D5A005784D8 /* Build configuration list for PBXProject "CustomUIExample" */;
			compatibilityVersion = "Xcode 14.0";
			developmentRegion = en;
			hasScannedForEncodings = 0;
			knownRegions = (
				en,
				Base,
			);
			mainGroup = D06BDC5D294F2D5A005784D8;
			productRefGroup = D06BDC67294F2D5A005784D8 /* Products */;
			projectDirPath = "";
			projectRoot = "";
			targets = (
				D06BDC65294F2D5A005784D8 /* CustomUIExample */,
			);
		};
/* End PBXProject section */

/* Begin PBXResourcesBuildPhase section */
		D06BDC64294F2D5A005784D8 /* Resources */ = {
			isa = PBXResourcesBuildPhase;
			buildActionMask = 2147483647;
			files = (
				D06BDC81294F2D8E005784D8 /* CheckBox.xib in Resources */,
				D06BDC76294F2D5C005784D8 /* LaunchScreen.storyboard in Resources */,
				D06BDC73294F2D5C005784D8 /* Assets.xcassets in Resources */,
				D06BDC71294F2D5A005784D8 /* Main.storyboard in Resources */,
			);
			runOnlyForDeploymentPostprocessing = 0;
		};
/* End PBXResourcesBuildPhase section */

/* Begin PBXSourcesBuildPhase section */
		D06BDC62294F2D5A005784D8 /* Sources */ = {
			isa = PBXSourcesBuildPhase;
			buildActionMask = 2147483647;
			files = (
				D06BDC7F294F2D81005784D8 /* CheckBox.swift in Sources */,
				D06BDC6E294F2D5A005784D8 /* ViewController.swift in Sources */,
				D06BDC6A294F2D5A005784D8 /* AppDelegate.swift in Sources */,
				D06BDC6C294F2D5A005784D8 /* SceneDelegate.swift in Sources */,
			);
			runOnlyForDeploymentPostprocessing = 0;
		};
/* End PBXSourcesBuildPhase section */

/* Begin PBXVariantGroup section */
		D06BDC6F294F2D5A005784D8 /* Main.storyboard */ = {
			isa = PBXVariantGroup;
			children = (
				D06BDC70294F2D5A005784D8 /* Base */,
			);
			name = Main.storyboard;
			sourceTree = "<group>";
		};
		D06BDC74294F2D5C005784D8 /* LaunchScreen.storyboard */ = {
			isa = PBXVariantGroup;
			children = (
				D06BDC75294F2D5C005784D8 /* Base */,
			);
			name = LaunchScreen.storyboard;
			sourceTree = "<group>";
		};
/* End PBXVariantGroup section */

/* Begin XCBuildConfiguration section */
		D06BDC78294F2D5C005784D8 /* Debug */ = {
			isa = XCBuildConfiguration;
			buildSettings = {
				ALWAYS_SEARCH_USER_PATHS = NO;
				CLANG_ANALYZER_NONNULL = YES;
				CLANG_ANALYZER_NUMBER_OBJECT_CONVERSION = YES_AGGRESSIVE;
				CLANG_CXX_LANGUAGE_STANDARD = "gnu++20";
				CLANG_ENABLE_MODULES = YES;
				CLANG_ENABLE_OBJC_ARC = YES;
				CLANG_ENABLE_OBJC_WEAK = YES;
				CLANG_WARN_BLOCK_CAPTURE_AUTORELEASING = YES;
				CLANG_WARN_BOOL_CONVERSION = YES;
				CLANG_WARN_COMMA = YES;
				CLANG_WARN_CONSTANT_CONVERSION = YES;
				CLANG_WARN_DEPRECATED_OBJC_IMPLEMENTATIONS = YES;
				CLANG_WARN_DIRECT_OBJC_ISA_USAGE = YES_ERROR;
				CLANG_WARN_DOCUMENTATION_COMMENTS = YES;
				CLANG_WARN_EMPTY_BODY = YES;
				CLANG_WARN_ENUM_CONVERSION = YES;
				CLANG_WARN_INFINITE_RECURSION = YES;
				CLANG_WARN_INT_CONVERSION = YES;
				CLANG_WARN_NON_LITERAL_NULL_CONVERSION = YES;
				CLANG_WARN_OBJC_IMPLICIT_RETAIN_SELF = YES;
				CLANG_WARN_OBJC_LITERAL_CONVERSION = YES;
				CLANG_WARN_OBJC_ROOT_CLASS = YES_ERROR;
				CLANG_WARN_QUOTED_INCLUDE_IN_FRAMEWORK_HEADER = YES;
				CLANG_WARN_RANGE_LOOP_ANALYSIS = YES;
				CLANG_WARN_STRICT_PROTOTYPES = YES;
				CLANG_WARN_SUSPICIOUS_MOVE = YES;
				CLANG_WARN_UNGUARDED_AVAILABILITY = YES_AGGRESSIVE;
				CLANG_WARN_UNREACHABLE_CODE = YES;
				CLANG_WARN__DUPLICATE_METHOD_MATCH = YES;
				COPY_PHASE_STRIP = NO;
				DEBUG_INFORMATION_FORMAT = dwarf;
				ENABLE_STRICT_OBJC_MSGSEND = YES;
				ENABLE_TESTABILITY = YES;
				GCC_C_LANGUAGE_STANDARD = gnu11;
				GCC_DYNAMIC_NO_PIC = NO;
				GCC_NO_COMMON_BLOCKS = YES;
				GCC_OPTIMIZATION_LEVEL = 0;
				GCC_PREPROCESSOR_DEFINITIONS = (
					"DEBUG=1",
					"$(inherited)",
				);
				GCC_WARN_64_TO_32_BIT_CONVERSION = YES;
				GCC_WARN_ABOUT_RETURN_TYPE = YES_ERROR;
				GCC_WARN_UNDECLARED_SELECTOR = YES;
				GCC_WARN_UNINITIALIZED_AUTOS = YES_AGGRESSIVE;
				GCC_WARN_UNUSED_FUNCTION = YES;
				GCC_WARN_UNUSED_VARIABLE = YES;
				IPHONEOS_DEPLOYMENT_TARGET = 16.2;
				MTL_ENABLE_DEBUG_INFO = INCLUDE_SOURCE;
				MTL_FAST_MATH = YES;
				ONLY_ACTIVE_ARCH = YES;
				SDKROOT = iphoneos;
				SWIFT_ACTIVE_COMPILATION_CONDITIONS = DEBUG;
				SWIFT_OPTIMIZATION_LEVEL = "-Onone";
			};
			name = Debug;
		};
		D06BDC79294F2D5C005784D8 /* Release */ = {
			isa = XCBuildConfiguration;
			buildSettings = {
				ALWAYS_SEARCH_USER_PATHS = NO;
				CLANG_ANALYZER_NONNULL = YES;
				CLANG_ANALYZER_NUMBER_OBJECT_CONVERSION = YES_AGGRESSIVE;
				CLANG_CXX_LANGUAGE_STANDARD = "gnu++20";
				CLANG_ENABLE_MODULES = YES;
				CLANG_ENABLE_OBJC_ARC = YES;
				CLANG_ENABLE_OBJC_WEAK = YES;
				CLANG_WARN_BLOCK_CAPTURE_AUTORELEASING = YES;
				CLANG_WARN_BOOL_CONVERSION = YES;
				CLANG_WARN_COMMA = YES;
				CLANG_WARN_CONSTANT_CONVERSION = YES;
				CLANG_WARN_DEPRECATED_OBJC_IMPLEMENTATIONS = YES;
				CLANG_WARN_DIRECT_OBJC_ISA_USAGE = YES_ERROR;
				CLANG_WARN_DOCUMENTATION_COMMENTS = YES;
				CLANG_WARN_EMPTY_BODY = YES;
				CLANG_WARN_ENUM_CONVERSION = YES;
				CLANG_WARN_INFINITE_RECURSION = YES;
				CLANG_WARN_INT_CONVERSION = YES;
				CLANG_WARN_NON_LITERAL_NULL_CONVERSION = YES;
				CLANG_WARN_OBJC_IMPLICIT_RETAIN_SELF = YES;
				CLANG_WARN_OBJC_LITERAL_CONVERSION = YES;
				CLANG_WARN_OBJC_ROOT_CLASS = YES_ERROR;
				CLANG_WARN_QUOTED_INCLUDE_IN_FRAMEWORK_HEADER = YES;
				CLANG_WARN_RANGE_LOOP_ANALYSIS = YES;
				CLANG_WARN_STRICT_PROTOTYPES = YES;
				CLANG_WARN_SUSPICIOUS_MOVE = YES;
				CLANG_WARN_UNGUARDED_AVAILABILITY = YES_AGGRESSIVE;
				CLANG_WARN_UNREACHABLE_CODE = YES;
				CLANG_WARN__DUPLICATE_METHOD_MATCH = YES;
				COPY_PHASE_STRIP = NO;
				DEBUG_INFORMATION_FORMAT = "dwarf-with-dsym";
				ENABLE_NS_ASSERTIONS = NO;
				ENABLE_STRICT_OBJC_MSGSEND = YES;
				GCC_C_LANGUAGE_STANDARD = gnu11;
				GCC_NO_COMMON_BLOCKS = YES;
				GCC_WARN_64_TO_32_BIT_CONVERSION = YES;
				GCC_WARN_ABOUT_RETURN_TYPE = YES_ERROR;
				GCC_WARN_UNDECLARED_SELECTOR = YES;
				GCC_WARN_UNINITIALIZED_AUTOS = YES_AGGRESSIVE;
				GCC_WARN_UNUSED_FUNCTION = YES;
				GCC_WARN_UNUSED_VARIABLE = YES;
				IPHONEOS_DEPLOYMENT_TARGET = 16.2;
				MTL_ENABLE_DEBUG_INFO = NO;
				MTL_FAST_MATH = YES;
				SDKROOT = iphoneos;
				SWIFT_COMPILATION_MODE = wholemodule;
				SWIFT_OPTIMIZATION_LEVEL = "-O";
				VALIDATE_PRODUCT = YES;
			};
			name = Release;
		};
		D06BDC7B294F2D5C005784D8 /* Debug */ = {
			isa = XCBuildConfiguration;
			buildSettings = {
				ASSETCATALOG_COMPILER_APPICON_NAME = AppIcon;
				ASSETCATALOG_COMPILER_GLOBAL_ACCENT_COLOR_NAME = AccentColor;
				CODE_SIGN_STYLE = Automatic;
				CURRENT_PROJECT_VERSION = 1;
				GENERATE_INFOPLIST_FILE = YES;
				INFOPLIST_FILE = CustomUIExample/Info.plist;
				INFOPLIST_KEY_UIApplicationSupportsIndirectInputEvents = YES;
				INFOPLIST_KEY_UILaunchStoryboardName = LaunchScreen;
				INFOPLIST_KEY_UIMainStoryboardFile = Main;
				INFOPLIST_KEY_UISupportedInterfaceOrientations_iPad = "UIInterfaceOrientationPortrait UIInterfaceOrientationPortraitUpsideDown UIInterfaceOrientationLandscapeLeft UIInterfaceOrientationLandscapeRight";
				INFOPLIST_KEY_UISupportedInterfaceOrientations_iPhone = "UIInterfaceOrientationPortrait UIInterfaceOrientationLandscapeLeft UIInterfaceOrientationLandscapeRight";
				LD_RUNPATH_SEARCH_PATHS = (
					"$(inherited)",
					"@executable_path/Frameworks",
				);
				MARKETING_VERSION = 1.0;
				PRODUCT_BUNDLE_IDENTIFIER = com.leoho.CustomUIExample;
				PRODUCT_NAME = "$(TARGET_NAME)";
				SWIFT_EMIT_LOC_STRINGS = YES;
				SWIFT_VERSION = 5.0;
				TARGETED_DEVICE_FAMILY = "1,2";
			};
			name = Debug;
		};
		D06BDC7C294F2D5C005784D8 /* Release */ = {
			isa = XCBuildConfiguration;
			buildSettings = {
				ASSETCATALOG_COMPILER_APPICON_NAME = AppIcon;
				ASSETCATALOG_COMPILER_GLOBAL_ACCENT_COLOR_NAME = AccentColor;
				CODE_SIGN_STYLE = Automatic;
				CURRENT_PROJECT_VERSION = 1;
				GENERATE_INFOPLIST_FILE = YES;
				INFOPLIST_FILE = CustomUIExample/Info.plist;
				INFOPLIST_KEY_UIApplicationSupportsIndirectInputEvents = YES;
				INFOPLIST_KEY_UILaunchStoryboardName = LaunchScreen;
				INFOPLIST_KEY_UIMainStoryboardFile = Main;
				INFOPLIST_KEY_UISupportedInterfaceOrientations_iPad = "UIInterfaceOrientationPortrait UIInterfaceOrientationPortraitUpsideDown UIInterfaceOrientationLandscapeLeft UIInterfaceOrientationLandscapeRight";
				INFOPLIST_KEY_UISupportedInterfaceOrientations_iPhone = "UIInterfaceOrientationPortrait UIInterfaceOrientationLandscapeLeft UIInterfaceOrientationLandscapeRight";
				LD_RUNPATH_SEARCH_PATHS = (
					"$(inherited)",
					"@executable_path/Frameworks",
				);
				MARKETING_VERSION = 1.0;
				PRODUCT_BUNDLE_IDENTIFIER = com.leoho.CustomUIExample;
				PRODUCT_NAME = "$(TARGET_NAME)";
				SWIFT_EMIT_LOC_STRINGS = YES;
				SWIFT_VERSION = 5.0;
				TARGETED_DEVICE_FAMILY = "1,2";
			};
			name = Release;
		};
/* End XCBuildConfiguration section */

/* Begin XCConfigurationList section */
		D06BDC61294F2D5A005784D8 /* Build configuration list for PBXProject "CustomUIExample" */ = {
			isa = XCConfigurationList;
			buildConfigurations = (
				D06BDC78294F2D5C005784D8 /* Debug */,
				D06BDC79294F2D5C005784D8 /* Release */,
			);
			defaultConfigurationIsVisible = 0;
			defaultConfigurationName = Release;
		};
		D06BDC7A294F2D5C005784D8 /* Build configuration list for PBXNativeTarget "CustomUIExample" */ = {
			isa = XCConfigurationList;
			buildConfigurations = (
				D06BDC7B294F2D5C005784D8 /* Debug */,
				D06BDC7C294F2D5C005784D8 /* Release */,
			);
			defaultConfigurationIsVisible = 0;
			defaultConfigurationName = Release;
		};
/* End XCConfigurationList section */
	};
	rootObject = D06BDC5E294F2D5A005784D8 /* Project object */;
}
